
Microsoft Visual Studio Solution File, Format Version 12.00
# Visual Studio Version 16
VisualStudioVersion = 16.0.810.21
MinimumVisualStudioVersion = 10.0.40219.1
Project("{FAE04EC0-301F-11D3-BF4B-00C04F79EFBC}") = "discountt", "discountt.csproj", "{CE49A5F8-BD7E-4196-8E49-7A5C1D2E28E9}"
EndProject
Global
	GlobalSection(SolutionConfigurationPlatforms) = preSolution
		Debug|Any CPU = Debug|Any CPU
		Release|Any CPU = Release|Any CPU
	EndGlobalSection
	GlobalSection(ProjectConfigurationPlatforms) = postSolution
		{CE49A5F8-BD7E-4196-8E49-7A5C1D2E28E9}.Debug|Any CPU.ActiveCfg = Debug|Any CPU
		{CE49A5F8-BD7E-4196-8E49-7A5C1D2E28E9}.Debug|Any CPU.Build.0 = Debug|Any CPU
		{CE49A5F8-BD7E-4196-8E49-7A5C1D2E28E9}.Release|Any CPU.ActiveCfg = Release|Any CPU
		{CE49A5F8-BD7E-4196-8E49-7A5C1D2E28E9}.Release|Any CPU.Build.0 = Release|Any CPU
	EndGlobalSection
	GlobalSection(SolutionProperties) = preSolution
		HideSolutionNode = FALSE
	EndGlobalSection
	GlobalSection(ExtensibilityGlobals) = postSolution
		SolutionGuid = {8B96714B-2837-488C-AE1C-250AB92C0849}
	EndGlobalSection
EndGlobal
